
Microsoft Visual Studio Solution File, Format Version 12.00
# Visual Studio Version 16
VisualStudioVersion = 16.0.31702.278
MinimumVisualStudioVersion = 10.0.40219.1
Project("{FAE04EC0-301F-11D3-BF4B-00C04F79EFBC}") = "QuizPRG282", "QuizPRG282.csproj", "{3A835802-9A5A-41D7-A319-D542204F921A}"
EndProject
Global
	GlobalSection(SolutionConfigurationPlatforms) = preSolution
		Debug|Any CPU = Debug|Any CPU
		Release|Any CPU = Release|Any CPU
	EndGlobalSection
	GlobalSection(ProjectConfigurationPlatforms) = postSolution
		{3A835802-9A5A-41D7-A319-D542204F921A}.Debug|Any CPU.ActiveCfg = Debug|Any CPU
		{3A835802-9A5A-41D7-A319-D542204F921A}.Debug|Any CPU.Build.0 = Debug|Any CPU
		{3A835802-9A5A-41D7-A319-D542204F921A}.Release|Any CPU.ActiveCfg = Release|Any CPU
		{3A835802-9A5A-41D7-A319-D542204F921A}.Release|Any CPU.Build.0 = Release|Any CPU
	EndGlobalSection
	GlobalSection(SolutionProperties) = preSolution
		HideSolutionNode = FALSE
	EndGlobalSection
	GlobalSection(ExtensibilityGlobals) = postSolution
		SolutionGuid = {5D654ACA-1788-4427-A2A7-68A95DE1543A}
	EndGlobalSection
EndGlobal
